
Microsoft Visual Studio Solution File, Format Version 12.00
# Visual Studio Version 16
VisualStudioVersion = 16.0.29424.173
MinimumVisualStudioVersion = 10.0.40219.1
Project("{888888A0-9F3D-457C-B088-3A5042F75D52}") = "HIT-WLAN_AutoLogin", "HIT-WLAN_AutoLogin\HIT-WLAN_AutoLogin.pyproj", "{EED05B5C-68BD-4D19-9551-05F8948F1083}"
EndProject
Global
	GlobalSection(SolutionConfigurationPlatforms) = preSolution
		Debug|Any CPU = Debug|Any CPU
		Release|Any CPU = Release|Any CPU
	EndGlobalSection
	GlobalSection(ProjectConfigurationPlatforms) = postSolution
		{EED05B5C-68BD-4D19-9551-05F8948F1083}.Debug|Any CPU.ActiveCfg = Debug|Any CPU
		{EED05B5C-68BD-4D19-9551-05F8948F1083}.Release|Any CPU.ActiveCfg = Release|Any CPU
	EndGlobalSection
	GlobalSection(SolutionProperties) = preSolution
		HideSolutionNode = FALSE
	EndGlobalSection
	GlobalSection(ExtensibilityGlobals) = postSolution
		SolutionGuid = {EEB34197-D142-4959-8E6A-C5B35C5A6F26}
	EndGlobalSection
EndGlobal
